
Microsoft Visual Studio Solution File, Format Version 12.00
# Visual Studio Version 16
VisualStudioVersion = 16.0.30011.22
MinimumVisualStudioVersion = 10.0.40219.1
Project("{9A19103F-16F7-4668-BE54-9A1E7A4F7556}") = "Identity", "src\Services\Identity\Identity.csproj", "{7AA9A1E9-A034-465D-BDC7-C56901EE8DDC}"
EndProject
Project("{2150E333-8FDC-42A3-9474-1A3956D46DE8}") = "src", "src", "{85D3E0A1-ED7D-4ED1-B375-255885273FAD}"
EndProject
Project("{2150E333-8FDC-42A3-9474-1A3956D46DE8}") = "Services", "Services", "{E2B1DDE7-021C-4D7B-B332-0FA2F286CE3A}"
EndProject
Project("{2150E333-8FDC-42A3-9474-1A3956D46DE8}") = "Web", "Web", "{83AE4579-EC9C-4308-BCF8-53670BC08623}"
EndProject
Project("{9A19103F-16F7-4668-BE54-9A1E7A4F7556}") = "WebMvc", "src\Web\WebMvc\WebMvc.csproj", "{1C537D59-B53C-480C-9BA3-D69610786C30}"
EndProject
Project("{9A19103F-16F7-4668-BE54-9A1E7A4F7556}") = "Menu", "src\Services\Menu\Menu.csproj", "{13C4CF02-400A-4F7D-A520-C99D579A7C17}"
EndProject
Project("{FAE04EC0-301F-11D3-BF4B-00C04F79EFBC}") = "Order", "src\Services\Order\Order.csproj", "{AEC8CED3-F203-4058-B72E-B4B334529740}"
EndProject
Project("{FAE04EC0-301F-11D3-BF4B-00C04F79EFBC}") = "OrderHistory", "src\Services\OrderHistory\OrderHistory.csproj", "{CF9A94C0-32B0-4793-9285-A6E881DE7377}"
EndProject
Project("{FAE04EC0-301F-11D3-BF4B-00C04F79EFBC}") = "Restaurant", "src\Services\Restaurant\Restaurant.csproj", "{677CFD3B-5027-43A3-AA64-E7910BD6214D}"
EndProject
Project("{FAE04EC0-301F-11D3-BF4B-00C04F79EFBC}") = "Kitchen", "src\Services\Kitchen\Kitchen.csproj", "{BD4A8068-F713-4F89-BE7E-61533F97B8C8}"
EndProject
Project("{FAE04EC0-301F-11D3-BF4B-00C04F79EFBC}") = "Basket", "src\Services\Basket\Basket.csproj", "{095EED7E-4786-4062-9B6F-E94CAB144E13}"
EndProject
Global
	GlobalSection(SolutionConfigurationPlatforms) = preSolution
		Debug|Any CPU = Debug|Any CPU
		Release|Any CPU = Release|Any CPU
	EndGlobalSection
	GlobalSection(ProjectConfigurationPlatforms) = postSolution
		{7AA9A1E9-A034-465D-BDC7-C56901EE8DDC}.Debug|Any CPU.ActiveCfg = Debug|Any CPU
		{7AA9A1E9-A034-465D-BDC7-C56901EE8DDC}.Debug|Any CPU.Build.0 = Debug|Any CPU
		{7AA9A1E9-A034-465D-BDC7-C56901EE8DDC}.Release|Any CPU.ActiveCfg = Release|Any CPU
		{7AA9A1E9-A034-465D-BDC7-C56901EE8DDC}.Release|Any CPU.Build.0 = Release|Any CPU
		{1C537D59-B53C-480C-9BA3-D69610786C30}.Debug|Any CPU.ActiveCfg = Debug|Any CPU
		{1C537D59-B53C-480C-9BA3-D69610786C30}.Debug|Any CPU.Build.0 = Debug|Any CPU
		{1C537D59-B53C-480C-9BA3-D69610786C30}.Release|Any CPU.ActiveCfg = Release|Any CPU
		{1C537D59-B53C-480C-9BA3-D69610786C30}.Release|Any CPU.Build.0 = Release|Any CPU
		{13C4CF02-400A-4F7D-A520-C99D579A7C17}.Debug|Any CPU.ActiveCfg = Debug|Any CPU
		{13C4CF02-400A-4F7D-A520-C99D579A7C17}.Debug|Any CPU.Build.0 = Debug|Any CPU
		{13C4CF02-400A-4F7D-A520-C99D579A7C17}.Release|Any CPU.ActiveCfg = Release|Any CPU
		{13C4CF02-400A-4F7D-A520-C99D579A7C17}.Release|Any CPU.Build.0 = Release|Any CPU
		{AEC8CED3-F203-4058-B72E-B4B334529740}.Debug|Any CPU.ActiveCfg = Debug|Any CPU
		{AEC8CED3-F203-4058-B72E-B4B334529740}.Debug|Any CPU.Build.0 = Debug|Any CPU
		{AEC8CED3-F203-4058-B72E-B4B334529740}.Release|Any CPU.ActiveCfg = Release|Any CPU
		{AEC8CED3-F203-4058-B72E-B4B334529740}.Release|Any CPU.Build.0 = Release|Any CPU
		{CF9A94C0-32B0-4793-9285-A6E881DE7377}.Debug|Any CPU.ActiveCfg = Debug|Any CPU
		{CF9A94C0-32B0-4793-9285-A6E881DE7377}.Debug|Any CPU.Build.0 = Debug|Any CPU
		{CF9A94C0-32B0-4793-9285-A6E881DE7377}.Release|Any CPU.ActiveCfg = Release|Any CPU
		{CF9A94C0-32B0-4793-9285-A6E881DE7377}.Release|Any CPU.Build.0 = Release|Any CPU
		{677CFD3B-5027-43A3-AA64-E7910BD6214D}.Debug|Any CPU.ActiveCfg = Debug|Any CPU
		{677CFD3B-5027-43A3-AA64-E7910BD6214D}.Debug|Any CPU.Build.0 = Debug|Any CPU
		{677CFD3B-5027-43A3-AA64-E7910BD6214D}.Release|Any CPU.ActiveCfg = Release|Any CPU
		{677CFD3B-5027-43A3-AA64-E7910BD6214D}.Release|Any CPU.Build.0 = Release|Any CPU
		{BD4A8068-F713-4F89-BE7E-61533F97B8C8}.Debug|Any CPU.ActiveCfg = Debug|Any CPU
		{BD4A8068-F713-4F89-BE7E-61533F97B8C8}.Debug|Any CPU.Build.0 = Debug|Any CPU
		{BD4A8068-F713-4F89-BE7E-61533F97B8C8}.Release|Any CPU.ActiveCfg = Release|Any CPU
		{BD4A8068-F713-4F89-BE7E-61533F97B8C8}.Release|Any CPU.Build.0 = Release|Any CPU
		{095EED7E-4786-4062-9B6F-E94CAB144E13}.Debug|Any CPU.ActiveCfg = Debug|Any CPU
		{095EED7E-4786-4062-9B6F-E94CAB144E13}.Debug|Any CPU.Build.0 = Debug|Any CPU
		{095EED7E-4786-4062-9B6F-E94CAB144E13}.Release|Any CPU.ActiveCfg = Release|Any CPU
		{095EED7E-4786-4062-9B6F-E94CAB144E13}.Release|Any CPU.Build.0 = Release|Any CPU
	EndGlobalSection
	GlobalSection(SolutionProperties) = preSolution
		HideSolutionNode = FALSE
	EndGlobalSection
	GlobalSection(NestedProjects) = preSolution
		{7AA9A1E9-A034-465D-BDC7-C56901EE8DDC} = {E2B1DDE7-021C-4D7B-B332-0FA2F286CE3A}
		{E2B1DDE7-021C-4D7B-B332-0FA2F286CE3A} = {85D3E0A1-ED7D-4ED1-B375-255885273FAD}
		{83AE4579-EC9C-4308-BCF8-53670BC08623} = {85D3E0A1-ED7D-4ED1-B375-255885273FAD}
		{1C537D59-B53C-480C-9BA3-D69610786C30} = {83AE4579-EC9C-4308-BCF8-53670BC08623}
		{13C4CF02-400A-4F7D-A520-C99D579A7C17} = {E2B1DDE7-021C-4D7B-B332-0FA2F286CE3A}
		{AEC8CED3-F203-4058-B72E-B4B334529740} = {E2B1DDE7-021C-4D7B-B332-0FA2F286CE3A}
		{CF9A94C0-32B0-4793-9285-A6E881DE7377} = {E2B1DDE7-021C-4D7B-B332-0FA2F286CE3A}
		{677CFD3B-5027-43A3-AA64-E7910BD6214D} = {E2B1DDE7-021C-4D7B-B332-0FA2F286CE3A}
		{BD4A8068-F713-4F89-BE7E-61533F97B8C8} = {E2B1DDE7-021C-4D7B-B332-0FA2F286CE3A}
		{095EED7E-4786-4062-9B6F-E94CAB144E13} = {E2B1DDE7-021C-4D7B-B332-0FA2F286CE3A}
	EndGlobalSection
	GlobalSection(ExtensibilityGlobals) = postSolution
		SolutionGuid = {64FB75B9-0782-434E-8A11-C5AD56B0752F}
	EndGlobalSection
EndGlobal
